
Microsoft Visual Studio Solution File, Format Version 12.00
# Visual Studio 14
VisualStudioVersion = 14.0.25420.1
MinimumVisualStudioVersion = 10.0.40219.1
Project("{FAE04EC0-301F-11D3-BF4B-00C04F79EFBC}") = "Report Tool Web", "Report Tool Web\Report Tool Web.csproj", "{F3C82091-822E-4072-A683-7D2900A220ED}"
EndProject
Global
	GlobalSection(SolutionConfigurationPlatforms) = preSolution
		Debug|Any CPU = Debug|Any CPU
		Release|Any CPU = Release|Any CPU
	EndGlobalSection
	GlobalSection(ProjectConfigurationPlatforms) = postSolution
		{F3C82091-822E-4072-A683-7D2900A220ED}.Debug|Any CPU.ActiveCfg = Debug|Any CPU
		{F3C82091-822E-4072-A683-7D2900A220ED}.Debug|Any CPU.Build.0 = Debug|Any CPU
		{F3C82091-822E-4072-A683-7D2900A220ED}.Release|Any CPU.ActiveCfg = Release|Any CPU
		{F3C82091-822E-4072-A683-7D2900A220ED}.Release|Any CPU.Build.0 = Release|Any CPU
	EndGlobalSection
	GlobalSection(SolutionProperties) = preSolution
		HideSolutionNode = FALSE
	EndGlobalSection
EndGlobal
